{
  "version": 4,
  "terraform_version": "1.4.5",
  "serial": 1,
  "lineage": "13b8b2fd-ff71-529c-a9d5-9e378df71aa4",
  "outputs": {},
  "resources": [
    {
      "mode": "managed",
      "type": "google_container_cluster",
      "name": "gke_cluster",
      "provider": "provider[\"registry.terraform.io/hashicorp/google\"]",
      "instances": [
        {
          "schema_version": 1,
          "attributes": {
            "addons_config": [
              {
                "cloudrun_config": [],
                "config_connector_config": [],
                "dns_cache_config": [],
                "gce_persistent_disk_csi_driver_config": [
                  {
                    "enabled": true
                  }
                ],
                "gcp_filestore_csi_driver_config": [],
                "gke_backup_agent_config": [],
                "horizontal_pod_autoscaling": [],
                "http_load_balancing": [],
                "network_policy_config": [
                  {
                    "disabled": true
                  }
                ]
              }
            ],
            "authenticator_groups_config": [],
            "binary_authorization": [
              {
                "enabled": false,
                "evaluation_mode": ""
              }
            ],
            "cluster_autoscaling": [
              {
                "auto_provisioning_defaults": [],
                "enabled": false,
                "resource_limits": []
              }
            ],
            "cluster_ipv4_cidr": "10.48.0.0/14",
            "confidential_nodes": [],
            "cost_management_config": [],
            "database_encryption": [
              {
                "key_name": "",
                "state": "DECRYPTED"
              }
            ],
            "datapath_provider": "",
            "default_max_pods_per_node": null,
            "default_snat_status": [
              {
                "disabled": false
              }
            ],
            "description": "",
            "dns_config": [],
            "enable_autopilot": false,
            "enable_binary_authorization": false,
            "enable_intranode_visibility": false,
            "enable_kubernetes_alpha": false,
            "enable_l4_ilb_subsetting": false,
            "enable_legacy_abac": false,
            "enable_shielded_nodes": true,
            "enable_tpu": false,
            "endpoint": "34.69.43.106",
            "gateway_api_config": [],
            "id": "projects/dataloop-candidate-environment/locations/us-central1-a/clusters/gke-cluster-manu",
            "initial_node_count": 1,
            "ip_allocation_policy": [],
            "label_fingerprint": "a9dc16a7",
            "location": "us-central1-a",
            "logging_config": [
              {
                "enable_components": [
                  "SYSTEM_COMPONENTS",
                  "WORKLOADS"
                ]
              }
            ],
            "logging_service": "logging.googleapis.com/kubernetes",
            "maintenance_policy": [],
            "master_auth": [
              {
                "client_certificate": "",
                "client_certificate_config": [
                  {
                    "issue_client_certificate": false
                  }
                ],
                "client_key": "",
                "cluster_ca_certificate": "LS0tLS1CRUdJTiBDRVJUSUZJQ0FURS0tLS0tCk1JSUVMRENDQXBTZ0F3SUJBZ0lRRVBnQXNVMFhBb3RrQTBlamJLZXJrVEFOQmdrcWhraUc5dzBCQVFzRkFEQXYKTVMwd0t3WURWUVFERXlRMll6VXdNakF4TWkxbU1UazVMVFJtTjJRdFlUSmhaUzAzTkdSbU1EWXdNR1ZsWmpjdwpJQmNOTWpNd05ESTFNRGMwTXpNeFdoZ1BNakExTXpBME1UY3dPRFF6TXpGYU1DOHhMVEFyQmdOVkJBTVRKRFpqCk5UQXlNREV5TFdZeE9Ua3ROR1kzWkMxaE1tRmxMVGMwWkdZd05qQXdaV1ZtTnpDQ0FhSXdEUVlKS29aSWh2Y04KQVFFQkJRQURnZ0dQQURDQ0FZb0NnZ0dCQUxBdjdDUVZLaFhCc0VPNXBEY0gxYWx0OGQvM3A0L0xOUlVkR2I1NApYUDBsNCtUcW8veUJUYlJWdGZZTmpOM2c3TVVXTXpSVFpHVUZjVVNxR2ZMcEdNdXVSWVpIekFiRG95OWU0VGpMCjdZcUZRVFJYNmZ3S0xmRTVGbGdST0hFbVNjczE1eXpEeFlHWTEwVjFuTXdNS1ZlaUVPZ0FYWDRqcDQyNWJnemkKMUY0REhTK3VmcHNVRTc2R25IeStLRjkreXp2R2IxNkVSVGlDV3BYZXFnRnNUNHgvT21PTllrVCtpMXpYRmd1bgpvVFFqZ2FyVEZCMXF3WE1YQ21SaUtYQXVoSjhwQWd2TG5qV1dLUHFZQXZkN0dNSkR5M3RBVlFGWlBkZXdOZGxSCktJMEtCTkc0R252bjVPaEE0azh2c1p3amRSZnRQRU1FeGJIaElTNXczbGUxVUswRy90WXYyUXoybk44RkgwS2oKbFpUWHdFY1pleE9oUjRhQXpCaWdnSk0yb3dVM2ZaODdONXlHVGN4RmJ2cXRsamlyU2N2Sy9BODhPUW12TmlMSQpTQmNtVGFqMGh1bDNJMWpHazJwMmtBQWlNN3hRSWRQNEMxS1IyMkp0TTFFNnBzeGtHTWJUQ2RrckM0enRLVVFhCjJ6NjVDbmlkVjA1cnljcXFXTUUxbEIycVJRSURBUUFCbzBJd1FEQU9CZ05WSFE4QkFmOEVCQU1DQWdRd0R3WUQKVlIwVEFRSC9CQVV3QXdFQi96QWRCZ05WSFE0RUZnUVVDdHd3UHJqdjlpc3ROWDZDZCtzV2J6TlRjeVV3RFFZSgpLb1pJaHZjTkFRRUxCUUFEZ2dHQkFHaGEzY2F3OElrUlNxZHN3RDRpOWROUnhYVWFvQ3RqWjR3WmE1TmkxNndiCkdISW1XaDUyV3g0c1c1UXE0aFVIdVA3em15SjJzYnNLMUI4bEFZbWduM0liZkcvNXdKM2NnOHBxdkNFNGxGdFgKMHRMUUtTbldWSVFHd3hoRi9oM2xDU2J0dHFpV1kwQ0VlOEdKbzZuZnUyd1FTYTBhcnREQXYveHFaMXVnTy9JWQpHOUVVUW40d0MzN0ZweTZzZHRZL09TOEVwRE15cXdqRGJpbndJVG4zbFJBR1diM2QyTnRxODhIRzZKaTNRNEVNCnFPNzZQY3hQZTk2Tk9yMHFvK1ptRjJPTlVtM2VwZUxQYXUyWjVjZnZ1WEtwSmV0UU96TDhVZk1DcUlXRHZ5VXQKTEsxWmNEZmVFKzF4RkVBOHM3cjArUDVlMFppbUJBK2phWHdqbWFCK01RakEybERKbzlvbDI0aWx5VmhkZVNDQgp5UnBBMVowUzFEeHhHQTRYM2VvZnJFelFGbk9SOVZ6cUNRck5VWTdaS2RPNHNzQSsyNU4zVytsK0ZDQzRnZDJtCmNWY1lmSGVsS0NPSk11M0NoTHgzRW13NktHc1lUQkIvcDlaNUhEZGYyV0IwRjFGeElSY0hUZmpvV2JJUkFzTmIKOFVaVlFieEFZYmVsbysxY2pPZStwUT09Ci0tLS0tRU5EIENFUlRJRklDQVRFLS0tLS0K"
              }
            ],
            "master_authorized_networks_config": [],
            "master_version": "1.24.10-gke.2300",
            "mesh_certificates": [],
            "min_master_version": null,
            "monitoring_config": [
              {
                "enable_components": [
                  "SYSTEM_COMPONENTS"
                ],
                "managed_prometheus": []
              }
            ],
            "monitoring_service": "monitoring.googleapis.com/kubernetes",
            "name": "gke-cluster-manu",
            "network": "projects/dataloop-candidate-environment/global/networks/default",
            "network_policy": [
              {
                "enabled": false,
                "provider": "PROVIDER_UNSPECIFIED"
              }
            ],
            "networking_mode": "ROUTES",
            "node_config": [
              {
                "advanced_machine_features": [],
                "boot_disk_kms_key": "",
                "disk_size_gb": 100,
                "disk_type": "pd-balanced",
                "ephemeral_storage_local_ssd_config": [],
                "gcfs_config": [],
                "guest_accelerator": [],
                "gvnic": [],
                "image_type": "COS_CONTAINERD",
                "kubelet_config": [],
                "labels": {},
                "linux_node_config": [],
                "local_nvme_ssd_block_config": [],
                "local_ssd_count": 0,
                "logging_variant": "DEFAULT",
                "machine_type": "e2-medium",
                "metadata": {
                  "disable-legacy-endpoints": "true"
                },
                "min_cpu_platform": "",
                "node_group": "",
                "oauth_scopes": [
                  "https://www.googleapis.com/auth/devstorage.read_only",
                  "https://www.googleapis.com/auth/logging.write",
                  "https://www.googleapis.com/auth/monitoring",
                  "https://www.googleapis.com/auth/service.management.readonly",
                  "https://www.googleapis.com/auth/servicecontrol",
                  "https://www.googleapis.com/auth/trace.append"
                ],
                "preemptible": false,
                "reservation_affinity": [],
                "resource_labels": null,
                "service_account": "default",
                "shielded_instance_config": [
                  {
                    "enable_integrity_monitoring": true,
                    "enable_secure_boot": false
                  }
                ],
                "spot": false,
                "tags": null,
                "taint": [],
                "workload_metadata_config": []
              }
            ],
            "node_locations": [],
            "node_pool": [
              {
                "autoscaling": [],
                "initial_node_count": 1,
                "instance_group_urls": [
                  "https://www.googleapis.com/compute/v1/projects/dataloop-candidate-environment/zones/us-central1-a/instanceGroupManagers/gke-gke-cluster-manu-default-pool-adaef9e8-grp"
                ],
                "managed_instance_group_urls": [
                  "https://www.googleapis.com/compute/v1/projects/dataloop-candidate-environment/zones/us-central1-a/instanceGroups/gke-gke-cluster-manu-default-pool-adaef9e8-grp"
                ],
                "management": [
                  {
                    "auto_repair": true,
                    "auto_upgrade": true
                  }
                ],
                "max_pods_per_node": 0,
                "name": "default-pool",
                "name_prefix": "",
                "network_config": [
                  {
                    "create_pod_range": false,
                    "enable_private_nodes": false,
                    "pod_cidr_overprovision_config": [],
                    "pod_ipv4_cidr_block": "",
                    "pod_range": ""
                  }
                ],
                "node_config": [
                  {
                    "advanced_machine_features": [],
                    "boot_disk_kms_key": "",
                    "disk_size_gb": 100,
                    "disk_type": "pd-balanced",
                    "ephemeral_storage_local_ssd_config": [],
                    "gcfs_config": [],
                    "guest_accelerator": [],
                    "gvnic": [],
                    "image_type": "COS_CONTAINERD",
                    "kubelet_config": [],
                    "labels": {},
                    "linux_node_config": [],
                    "local_nvme_ssd_block_config": [],
                    "local_ssd_count": 0,
                    "logging_variant": "DEFAULT",
                    "machine_type": "e2-medium",
                    "metadata": {
                      "disable-legacy-endpoints": "true"
                    },
                    "min_cpu_platform": "",
                    "node_group": "",
                    "oauth_scopes": [
                      "https://www.googleapis.com/auth/devstorage.read_only",
                      "https://www.googleapis.com/auth/logging.write",
                      "https://www.googleapis.com/auth/monitoring",
                      "https://www.googleapis.com/auth/service.management.readonly",
                      "https://www.googleapis.com/auth/servicecontrol",
                      "https://www.googleapis.com/auth/trace.append"
                    ],
                    "preemptible": false,
                    "reservation_affinity": [],
                    "resource_labels": {},
                    "service_account": "default",
                    "shielded_instance_config": [
                      {
                        "enable_integrity_monitoring": true,
                        "enable_secure_boot": false
                      }
                    ],
                    "spot": false,
                    "tags": [],
                    "taint": [],
                    "workload_metadata_config": []
                  }
                ],
                "node_count": 1,
                "node_locations": [
                  "us-central1-a"
                ],
                "placement_policy": [],
                "upgrade_settings": [
                  {
                    "blue_green_settings": [],
                    "max_surge": 1,
                    "max_unavailable": 0,
                    "strategy": "SURGE"
                  }
                ],
                "version": "1.24.10-gke.2300"
              }
            ],
            "node_pool_defaults": [
              {
                "node_config_defaults": [
                  {
                    "logging_variant": "DEFAULT"
                  }
                ]
              }
            ],
            "node_version": "1.24.10-gke.2300",
            "notification_config": [
              {
                "pubsub": [
                  {
                    "enabled": false,
                    "filter": [],
                    "topic": ""
                  }
                ]
              }
            ],
            "operation": null,
            "private_cluster_config": [
              {
                "enable_private_endpoint": false,
                "enable_private_nodes": false,
                "master_global_access_config": [
                  {
                    "enabled": false
                  }
                ],
                "master_ipv4_cidr_block": "",
                "peering_name": "",
                "private_endpoint": "10.128.0.44",
                "private_endpoint_subnetwork": "",
                "public_endpoint": "34.69.43.106"
              }
            ],
            "private_ipv6_google_access": "",
            "project": "dataloop-candidate-environment",
            "release_channel": [
              {
                "channel": "REGULAR"
              }
            ],
            "remove_default_node_pool": null,
            "resource_labels": null,
            "resource_usage_export_config": [],
            "self_link": "https://container.googleapis.com/v1/projects/dataloop-candidate-environment/zones/us-central1-a/clusters/gke-cluster-manu",
            "service_external_ips_config": [
              {
                "enabled": false
              }
            ],
            "services_ipv4_cidr": "10.51.240.0/20",
            "subnetwork": "projects/dataloop-candidate-environment/regions/us-central1/subnetworks/default",
            "timeouts": null,
            "tpu_ipv4_cidr_block": "",
            "vertical_pod_autoscaling": [],
            "workload_identity_config": []
          },
          "sensitive_attributes": [],
          "private": "eyJlMmJmYjczMC1lY2FhLTExZTYtOGY4OC0zNDM2M2JjN2M0YzAiOnsiY3JlYXRlIjoyNDAwMDAwMDAwMDAwLCJkZWxldGUiOjI0MDAwMDAwMDAwMDAsInJlYWQiOjI0MDAwMDAwMDAwMDAsInVwZGF0ZSI6MzYwMDAwMDAwMDAwMH0sInNjaGVtYV92ZXJzaW9uIjoiMSJ9"
        }
      ]
    }
  ],
  "check_results": null
}
